// !$*UTF8*$!
{
	archiveVersion = 1;
	classes = {
	};
	objectVersion = 50;
	objects = {

/* Begin PBXBuildFile section */
		2877DA0322F46C140026AA4E /* AppDelegate.swift in Sources */ = {isa = PBXBuildFile; fileRef = 2877DA0222F46C140026AA4E /* AppDelegate.swift */; };
		2877DA0522F46C140026AA4E /* ViewController.swift in Sources */ = {isa = PBXBuildFile; fileRef = 2877DA0422F46C140026AA4E /* ViewController.swift */; };
		2877DA0822F46C140026AA4E /* Main.storyboard in Resources */ = {isa = PBXBuildFile; fileRef = 2877DA0622F46C140026AA4E /* Main.storyboard */; };
		2877DA0A22F46C140026AA4E /* Assets.xcassets in Resources */ = {isa = PBXBuildFile; fileRef = 2877DA0922F46C140026AA4E /* Assets.xcassets */; };
		2877DA0D22F46C140026AA4E /* LaunchScreen.storyboard in Resources */ = {isa = PBXBuildFile; fileRef = 2877DA0B22F46C140026AA4E /* LaunchScreen.storyboard */; };
		2877DA1822F46C150026AA4E /* BillyRecipeAppTests.swift in Sources */ = {isa = PBXBuildFile; fileRef = 2877DA1722F46C150026AA4E /* BillyRecipeAppTests.swift */; };
		2877DA2322F46C150026AA4E /* BillyRecipeAppUITests.swift in Sources */ = {isa = PBXBuildFile; fileRef = 2877DA2222F46C150026AA4E /* BillyRecipeAppUITests.swift */; };
		2877DA3522F470CD0026AA4E /* recipetypes.xml in Resources */ = {isa = PBXBuildFile; fileRef = 2877DA3422F470CD0026AA4E /* recipetypes.xml */; };
		2877DA3722F471510026AA4E /* Recipe.swift in Sources */ = {isa = PBXBuildFile; fileRef = 2877DA3622F471510026AA4E /* Recipe.swift */; };
		2877DA3922F4738C0026AA4E /* HomeViewController.swift in Sources */ = {isa = PBXBuildFile; fileRef = 2877DA3822F4738C0026AA4E /* HomeViewController.swift */; };
		2877DA5422F477D80026AA4E /* SQLite.framework in Frameworks */ = {isa = PBXBuildFile; fileRef = 2877DA4522F477A70026AA4E /* SQLite.framework */; };
		2877DA5622F477FB0026AA4E /* SQLite.framework in Embed Frameworks */ = {isa = PBXBuildFile; fileRef = 2877DA4522F477A70026AA4E /* SQLite.framework */; settings = {ATTRIBUTES = (CodeSignOnCopy, RemoveHeadersOnCopy, ); }; };
		2877DA5B22F478C60026AA4E /* LocalDB.swift in Sources */ = {isa = PBXBuildFile; fileRef = 2877DA5A22F478C60026AA4E /* LocalDB.swift */; };
		2877DA5D22F49C560026AA4E /* RecipeCollectionViewCell.swift in Sources */ = {isa = PBXBuildFile; fileRef = 2877DA5C22F49C560026AA4E /* RecipeCollectionViewCell.swift */; };
		2877DA5F22F4AA7B0026AA4E /* filter.png in Resources */ = {isa = PBXBuildFile; fileRef = 2877DA5E22F4AA7B0026AA4E /* filter.png */; };
		2877DA6122F4AA7F0026AA4E /* add.png in Resources */ = {isa = PBXBuildFile; fileRef = 2877DA6022F4AA7F0026AA4E /* add.png */; };
		2877DA6322F4AF8D0026AA4E /* AddUpdateRecipeViewController.swift in Sources */ = {isa = PBXBuildFile; fileRef = 2877DA6222F4AF8D0026AA4E /* AddUpdateRecipeViewController.swift */; };
		2877DA6522F4B57B0026AA4E /* image.png in Resources */ = {isa = PBXBuildFile; fileRef = 2877DA6422F4B57B0026AA4E /* image.png */; };
		2877DA6722F4BBD90026AA4E /* ok.png in Resources */ = {isa = PBXBuildFile; fileRef = 2877DA6622F4BBD90026AA4E /* ok.png */; };
		28E13D5122F5644C00A4172E /* pizza.jpg in Resources */ = {isa = PBXBuildFile; fileRef = 28E13D3F22F5644C00A4172E /* pizza.jpg */; };
		28E13D5222F5644C00A4172E /* quesaddila.jpg in Resources */ = {isa = PBXBuildFile; fileRef = 28E13D4622F5644C00A4172E /* quesaddila.jpg */; };
		28E13D5322F5644C00A4172E /* friedchicken.jpg in Resources */ = {isa = PBXBuildFile; fileRef = 28E13D4722F5644C00A4172E /* friedchicken.jpg */; };
		28E13D5422F5644C00A4172E /* kimchi.jpg in Resources */ = {isa = PBXBuildFile; fileRef = 28E13D4822F5644C00A4172E /* kimchi.jpg */; };
		28E13D5522F5644C00A4172E /* soba.jpg in Resources */ = {isa = PBXBuildFile; fileRef = 28E13D4922F5644C00A4172E /* soba.jpg */; };
		28E13D5622F5644C00A4172E /* carbonara.jpg in Resources */ = {isa = PBXBuildFile; fileRef = 28E13D4A22F5644C00A4172E /* carbonara.jpg */; };
		28E13D5722F5644C00A4172E /* sushi.jpg in Resources */ = {isa = PBXBuildFile; fileRef = 28E13D4B22F5644C00A4172E /* sushi.jpg */; };
		28E13D5822F5644C00A4172E /* taco.jpg in Resources */ = {isa = PBXBuildFile; fileRef = 28E13D4C22F5644C00A4172E /* taco.jpg */; };
		28E13D5922F5644C00A4172E /* udon.jpg in Resources */ = {isa = PBXBuildFile; fileRef = 28E13D4D22F5644C00A4172E /* udon.jpg */; };
		28E13D5A22F5644C00A4172E /* aglioolio.jpg in Resources */ = {isa = PBXBuildFile; fileRef = 28E13D4E22F5644C00A4172E /* aglioolio.jpg */; };
		28E13D5B22F5644C00A4172E /* burrito.jpg in Resources */ = {isa = PBXBuildFile; fileRef = 28E13D4F22F5644C00A4172E /* burrito.jpg */; };
		28E13D5C22F5644C00A4172E /* bibimbap.jpg in Resources */ = {isa = PBXBuildFile; fileRef = 28E13D5022F5644C00A4172E /* bibimbap.jpg */; };
		28E13D5E22F5713B00A4172E /* RecipeDetailsViewController.swift in Sources */ = {isa = PBXBuildFile; fileRef = 28E13D5D22F5713B00A4172E /* RecipeDetailsViewController.swift */; };
		28E13D6022F578D800A4172E /* edit.png in Resources */ = {isa = PBXBuildFile; fileRef = 28E13D5F22F578D800A4172E /* edit.png */; };
/* End PBXBuildFile section */

/* Begin PBXContainerItemProxy section */
		2877DA1422F46C150026AA4E /* PBXContainerItemProxy */ = {
			isa = PBXContainerItemProxy;
			containerPortal = 2877D9F722F46C140026AA4E /* Project object */;
			proxyType = 1;
			remoteGlobalIDString = 2877D9FE22F46C140026AA4E;
			remoteInfo = BillyRecipeApp;
		};
		2877DA1F22F46C150026AA4E /* PBXContainerItemProxy */ = {
			isa = PBXContainerItemProxy;
			containerPortal = 2877D9F722F46C140026AA4E /* Project object */;
			proxyType = 1;
			remoteGlobalIDString = 2877D9FE22F46C140026AA4E;
			remoteInfo = BillyRecipeApp;
		};
		2877DA4422F477A70026AA4E /* PBXContainerItemProxy */ = {
			isa = PBXContainerItemProxy;
			containerPortal = 2877DA3A22F477A70026AA4E /* SQLite.xcodeproj */;
			proxyType = 2;
			remoteGlobalIDString = EE247AD31C3F04ED00AE3E12;
			remoteInfo = "SQLite iOS";
		};
		2877DA4622F477A70026AA4E /* PBXContainerItemProxy */ = {
			isa = PBXContainerItemProxy;
			containerPortal = 2877DA3A22F477A70026AA4E /* SQLite.xcodeproj */;
			proxyType = 2;
			remoteGlobalIDString = EE247ADD1C3F04ED00AE3E12;
			remoteInfo = "SQLiteTests iOS";
		};
		2877DA4822F477A70026AA4E /* PBXContainerItemProxy */ = {
			isa = PBXContainerItemProxy;
			containerPortal = 2877DA3A22F477A70026AA4E /* SQLite.xcodeproj */;
			proxyType = 2;
			remoteGlobalIDString = EE247B3C1C3F3ED000AE3E12;
			remoteInfo = "SQLite Mac";
		};
		2877DA4A22F477A70026AA4E /* PBXContainerItemProxy */ = {
			isa = PBXContainerItemProxy;
			containerPortal = 2877DA3A22F477A70026AA4E /* SQLite.xcodeproj */;
			proxyType = 2;
			remoteGlobalIDString = EE247B451C3F3ED000AE3E12;
			remoteInfo = "SQLiteTests Mac";
		};
		2877DA4C22F477A70026AA4E /* PBXContainerItemProxy */ = {
			isa = PBXContainerItemProxy;
			containerPortal = 2877DA3A22F477A70026AA4E /* SQLite.xcodeproj */;
			proxyType = 2;
			remoteGlobalIDString = 03A65E5A1C6BB0F50062603F;
			remoteInfo = "SQLite tvOS";
		};
		2877DA4E22F477A70026AA4E /* PBXContainerItemProxy */ = {
			isa = PBXContainerItemProxy;
			containerPortal = 2877DA3A22F477A70026AA4E /* SQLite.xcodeproj */;
			proxyType = 2;
			remoteGlobalIDString = 03A65E631C6BB0F60062603F;
			remoteInfo = "SQLiteTests tvOS";
		};
		2877DA5022F477A70026AA4E /* PBXContainerItemProxy */ = {
			isa = PBXContainerItemProxy;
			containerPortal = 2877DA3A22F477A70026AA4E /* SQLite.xcodeproj */;
			proxyType = 2;
			remoteGlobalIDString = A121AC451CA35C79005A31D1;
			remoteInfo = "SQLite watchOS";
		};
		2877DA5722F477FB0026AA4E /* PBXContainerItemProxy */ = {
			isa = PBXContainerItemProxy;
			containerPortal = 2877DA3A22F477A70026AA4E /* SQLite.xcodeproj */;
			proxyType = 1;
			remoteGlobalIDString = EE247AD21C3F04ED00AE3E12;
			remoteInfo = "SQLite iOS";
		};
/* End PBXContainerItemProxy section */

/* Begin PBXCopyFilesBuildPhase section */
		2877DA5922F477FC0026AA4E /* Embed Frameworks */ = {
			isa = PBXCopyFilesBuildPhase;
			buildActionMask = 2147483647;
			dstPath = "";
			dstSubfolderSpec = 10;
			files = (
				2877DA5622F477FB0026AA4E /* SQLite.framework in Embed Frameworks */,
			);
			name = "Embed Frameworks";
			runOnlyForDeploymentPostprocessing = 0;
		};
/* End PBXCopyFilesBuildPhase section */

/* Begin PBXFileReference section */
		2877D9FF22F46C140026AA4E /* BillyRecipeApp.app */ = {isa = PBXFileReference; explicitFileType = wrapper.application; includeInIndex = 0; path = BillyRecipeApp.app; sourceTree = BUILT_PRODUCTS_DIR; };
		2877DA0222F46C140026AA4E /* AppDelegate.swift */ = {isa = PBXFileReference; lastKnownFileType = sourcecode.swift; path = AppDelegate.swift; sourceTree = "<group>"; };
		2877DA0422F46C140026AA4E /* ViewController.swift */ = {isa = PBXFileReference; lastKnownFileType = sourcecode.swift; path = ViewController.swift; sourceTree = "<group>"; };
		2877DA0722F46C140026AA4E /* Base */ = {isa = PBXFileReference; lastKnownFileType = file.storyboard; name = Base; path = Base.lproj/Main.storyboard; sourceTree = "<group>"; };
		2877DA0922F46C140026AA4E /* Assets.xcassets */ = {isa = PBXFileReference; lastKnownFileType = folder.assetcatalog; path = Assets.xcassets; sourceTree = "<group>"; };
		2877DA0C22F46C140026AA4E /* Base */ = {isa = PBXFileReference; lastKnownFileType = file.storyboard; name = Base; path = Base.lproj/LaunchScreen.storyboard; sourceTree = "<group>"; };
		2877DA0E22F46C140026AA4E /* Info.plist */ = {isa = PBXFileReference; lastKnownFileType = text.plist.xml; path = Info.plist; sourceTree = "<group>"; };
		2877DA1322F46C150026AA4E /* BillyRecipeAppTests.xctest */ = {isa = PBXFileReference; explicitFileType = wrapper.cfbundle; includeInIndex = 0; path = BillyRecipeAppTests.xctest; sourceTree = BUILT_PRODUCTS_DIR; };
		2877DA1722F46C150026AA4E /* BillyRecipeAppTests.swift */ = {isa = PBXFileReference; lastKnownFileType = sourcecode.swift; path = BillyRecipeAppTests.swift; sourceTree = "<group>"; };
		2877DA1922F46C150026AA4E /* Info.plist */ = {isa = PBXFileReference; lastKnownFileType = text.plist.xml; path = Info.plist; sourceTree = "<group>"; };
		2877DA1E22F46C150026AA4E /* BillyRecipeAppUITests.xctest */ = {isa = PBXFileReference; explicitFileType = wrapper.cfbundle; includeInIndex = 0; path = BillyRecipeAppUITests.xctest; sourceTree = BUILT_PRODUCTS_DIR; };
		2877DA2222F46C150026AA4E /* BillyRecipeAppUITests.swift */ = {isa = PBXFileReference; lastKnownFileType = sourcecode.swift; path = BillyRecipeAppUITests.swift; sourceTree = "<group>"; };
		2877DA2422F46C150026AA4E /* Info.plist */ = {isa = PBXFileReference; lastKnownFileType = text.plist.xml; path = Info.plist; sourceTree = "<group>"; };
		2877DA3422F470CD0026AA4E /* recipetypes.xml */ = {isa = PBXFileReference; fileEncoding = 4; lastKnownFileType = text.xml; path = recipetypes.xml; sourceTree = "<group>"; };
		2877DA3622F471510026AA4E /* Recipe.swift */ = {isa = PBXFileReference; lastKnownFileType = sourcecode.swift; path = Recipe.swift; sourceTree = "<group>"; };
		2877DA3822F4738C0026AA4E /* HomeViewController.swift */ = {isa = PBXFileReference; lastKnownFileType = sourcecode.swift; path = HomeViewController.swift; sourceTree = "<group>"; };
		2877DA3A22F477A70026AA4E /* SQLite.xcodeproj */ = {isa = PBXFileReference; lastKnownFileType = "wrapper.pb-project"; name = SQLite.xcodeproj; path = "../../Desktop/SQLite.swift-master/SQLite.xcodeproj"; sourceTree = "<group>"; };
		2877DA5A22F478C60026AA4E /* LocalDB.swift */ = {isa = PBXFileReference; lastKnownFileType = sourcecode.swift; path = LocalDB.swift; sourceTree = "<group>"; };
		2877DA5C22F49C560026AA4E /* RecipeCollectionViewCell.swift */ = {isa = PBXFileReference; lastKnownFileType = sourcecode.swift; path = RecipeCollectionViewCell.swift; sourceTree = "<group>"; };
		2877DA5E22F4AA7B0026AA4E /* filter.png */ = {isa = PBXFileReference; lastKnownFileType = image.png; path = filter.png; sourceTree = "<group>"; };
		2877DA6022F4AA7F0026AA4E /* add.png */ = {isa = PBXFileReference; lastKnownFileType = image.png; path = add.png; sourceTree = "<group>"; };
		2877DA6222F4AF8D0026AA4E /* AddUpdateRecipeViewController.swift */ = {isa = PBXFileReference; lastKnownFileType = sourcecode.swift; path = AddUpdateRecipeViewController.swift; sourceTree = "<group>"; };
		2877DA6422F4B57B0026AA4E /* image.png */ = {isa = PBXFileReference; lastKnownFileType = image.png; path = image.png; sourceTree = "<group>"; };
		2877DA6622F4BBD90026AA4E /* ok.png */ = {isa = PBXFileReference; lastKnownFileType = image.png; path = ok.png; sourceTree = "<group>"; };
		28E13D3F22F5644C00A4172E /* pizza.jpg */ = {isa = PBXFileReference; lastKnownFileType = image.jpeg; path = pizza.jpg; sourceTree = "<group>"; };
		28E13D4622F5644C00A4172E /* quesaddila.jpg */ = {isa = PBXFileReference; lastKnownFileType = image.jpeg; path = quesaddila.jpg; sourceTree = "<group>"; };
		28E13D4722F5644C00A4172E /* friedchicken.jpg */ = {isa = PBXFileReference; lastKnownFileType = image.jpeg; path = friedchicken.jpg; sourceTree = "<group>"; };
		28E13D4822F5644C00A4172E /* kimchi.jpg */ = {isa = PBXFileReference; lastKnownFileType = image.jpeg; path = kimchi.jpg; sourceTree = "<group>"; };
		28E13D4922F5644C00A4172E /* soba.jpg */ = {isa = PBXFileReference; lastKnownFileType = image.jpeg; path = soba.jpg; sourceTree = "<group>"; };
		28E13D4A22F5644C00A4172E /* carbonara.jpg */ = {isa = PBXFileReference; lastKnownFileType = image.jpeg; path = carbonara.jpg; sourceTree = "<group>"; };
		28E13D4B22F5644C00A4172E /* sushi.jpg */ = {isa = PBXFileReference; lastKnownFileType = image.jpeg; path = sushi.jpg; sourceTree = "<group>"; };
		28E13D4C22F5644C00A4172E /* taco.jpg */ = {isa = PBXFileReference; lastKnownFileType = image.jpeg; path = taco.jpg; sourceTree = "<group>"; };
		28E13D4D22F5644C00A4172E /* udon.jpg */ = {isa = PBXFileReference; lastKnownFileType = image.jpeg; path = udon.jpg; sourceTree = "<group>"; };
		28E13D4E22F5644C00A4172E /* aglioolio.jpg */ = {isa = PBXFileReference; lastKnownFileType = image.jpeg; path = aglioolio.jpg; sourceTree = "<group>"; };
		28E13D4F22F5644C00A4172E /* burrito.jpg */ = {isa = PBXFileReference; lastKnownFileType = image.jpeg; path = burrito.jpg; sourceTree = "<group>"; };
		28E13D5022F5644C00A4172E /* bibimbap.jpg */ = {isa = PBXFileReference; lastKnownFileType = image.jpeg; path = bibimbap.jpg; sourceTree = "<group>"; };
		28E13D5D22F5713B00A4172E /* RecipeDetailsViewController.swift */ = {isa = PBXFileReference; lastKnownFileType = sourcecode.swift; path = RecipeDetailsViewController.swift; sourceTree = "<group>"; };
		28E13D5F22F578D800A4172E /* edit.png */ = {isa = PBXFileReference; lastKnownFileType = image.png; path = edit.png; sourceTree = "<group>"; };
/* End PBXFileReference section */

/* Begin PBXFrameworksBuildPhase section */
		2877D9FC22F46C140026AA4E /* Frameworks */ = {
			isa = PBXFrameworksBuildPhase;
			buildActionMask = 2147483647;
			files = (
				2877DA5422F477D80026AA4E /* SQLite.framework in Frameworks */,
			);
			runOnlyForDeploymentPostprocessing = 0;
		};
		2877DA1022F46C150026AA4E /* Frameworks */ = {
			isa = PBXFrameworksBuildPhase;
			buildActionMask = 2147483647;
			files = (
			);
			runOnlyForDeploymentPostprocessing = 0;
		};
		2877DA1B22F46C150026AA4E /* Frameworks */ = {
			isa = PBXFrameworksBuildPhase;
			buildActionMask = 2147483647;
			files = (
			);
			runOnlyForDeploymentPostprocessing = 0;
		};
/* End PBXFrameworksBuildPhase section */

/* Begin PBXGroup section */
		2877D9F622F46C140026AA4E = {
			isa = PBXGroup;
			children = (
				2877DA0122F46C140026AA4E /* BillyRecipeApp */,
				2877DA1622F46C150026AA4E /* BillyRecipeAppTests */,
				2877DA2122F46C150026AA4E /* BillyRecipeAppUITests */,
				2877DA0022F46C140026AA4E /* Products */,
				2877DA3A22F477A70026AA4E /* SQLite.xcodeproj */,
				2877DA5222F477C90026AA4E /* Frameworks */,
			);
			sourceTree = "<group>";
		};
		2877DA0022F46C140026AA4E /* Products */ = {
			isa = PBXGroup;
			children = (
				2877D9FF22F46C140026AA4E /* BillyRecipeApp.app */,
				2877DA1322F46C150026AA4E /* BillyRecipeAppTests.xctest */,
				2877DA1E22F46C150026AA4E /* BillyRecipeAppUITests.xctest */,
			);
			name = Products;
			sourceTree = "<group>";
		};
		2877DA0122F46C140026AA4E /* BillyRecipeApp */ = {
			isa = PBXGroup;
			children = (
				2877DA3322F46DA50026AA4E /* Images */,
				2877DA3022F46D5D0026AA4E /* XML */,
				2877DA0222F46C140026AA4E /* AppDelegate.swift */,
				2877DA0422F46C140026AA4E /* ViewController.swift */,
				2877DA3822F4738C0026AA4E /* HomeViewController.swift */,
				2877DA5C22F49C560026AA4E /* RecipeCollectionViewCell.swift */,
				2877DA6222F4AF8D0026AA4E /* AddUpdateRecipeViewController.swift */,
				28E13D5D22F5713B00A4172E /* RecipeDetailsViewController.swift */,
				2877DA3622F471510026AA4E /* Recipe.swift */,
				2877DA5A22F478C60026AA4E /* LocalDB.swift */,
				2877DA0622F46C140026AA4E /* Main.storyboard */,
				2877DA0922F46C140026AA4E /* Assets.xcassets */,
				2877DA0B22F46C140026AA4E /* LaunchScreen.storyboard */,
				2877DA0E22F46C140026AA4E /* Info.plist */,
			);
			path = BillyRecipeApp;
			sourceTree = "<group>";
		};
		2877DA1622F46C150026AA4E /* BillyRecipeAppTests */ = {
			isa = PBXGroup;
			children = (
				2877DA1722F46C150026AA4E /* BillyRecipeAppTests.swift */,
				2877DA1922F46C150026AA4E /* Info.plist */,
			);
			path = BillyRecipeAppTests;
			sourceTree = "<group>";
		};
		2877DA2122F46C150026AA4E /* BillyRecipeAppUITests */ = {
			isa = PBXGroup;
			children = (
				2877DA2222F46C150026AA4E /* BillyRecipeAppUITests.swift */,
				2877DA2422F46C150026AA4E /* Info.plist */,
			);
			path = BillyRecipeAppUITests;
			sourceTree = "<group>";
		};
		2877DA3022F46D5D0026AA4E /* XML */ = {
			isa = PBXGroup;
			children = (
				2877DA3422F470CD0026AA4E /* recipetypes.xml */,
			);
			path = XML;
			sourceTree = "<group>";
		};
		2877DA3322F46DA50026AA4E /* Images */ = {
			isa = PBXGroup;
			children = (
				28E13D4E22F5644C00A4172E /* aglioolio.jpg */,
				28E13D5022F5644C00A4172E /* bibimbap.jpg */,
				28E13D4F22F5644C00A4172E /* burrito.jpg */,
				28E13D4A22F5644C00A4172E /* carbonara.jpg */,
				28E13D4722F5644C00A4172E /* friedchicken.jpg */,
				28E13D4822F5644C00A4172E /* kimchi.jpg */,
				28E13D3F22F5644C00A4172E /* pizza.jpg */,
				28E13D4622F5644C00A4172E /* quesaddila.jpg */,
				28E13D4922F5644C00A4172E /* soba.jpg */,
				28E13D4B22F5644C00A4172E /* sushi.jpg */,
				28E13D4C22F5644C00A4172E /* taco.jpg */,
				28E13D4D22F5644C00A4172E /* udon.jpg */,
				2877DA5E22F4AA7B0026AA4E /* filter.png */,
				2877DA6022F4AA7F0026AA4E /* add.png */,
				2877DA6422F4B57B0026AA4E /* image.png */,
				2877DA6622F4BBD90026AA4E /* ok.png */,
				28E13D5F22F578D800A4172E /* edit.png */,
			);
			path = Images;
			sourceTree = "<group>";
		};
		2877DA3B22F477A70026AA4E /* Products */ = {
			isa = PBXGroup;
			children = (
				2877DA4522F477A70026AA4E /* SQLite.framework */,
				2877DA4722F477A70026AA4E /* SQLiteTests iOS.xctest */,
				2877DA4922F477A70026AA4E /* SQLite.framework */,
				2877DA4B22F477A70026AA4E /* SQLiteTests Mac.xctest */,
				2877DA4D22F477A70026AA4E /* SQLite.framework */,
				2877DA4F22F477A70026AA4E /* SQLiteTests tvOS.xctest */,
				2877DA5122F477A70026AA4E /* SQLite.framework */,
			);
			name = Products;
			sourceTree = "<group>";
		};
		2877DA5222F477C90026AA4E /* Frameworks */ = {
			isa = PBXGroup;
			children = (
			);
			name = Frameworks;
			sourceTree = "<group>";
		};
/* End PBXGroup section */

/* Begin PBXNativeTarget section */
		2877D9FE22F46C140026AA4E /* BillyRecipeApp */ = {
			isa = PBXNativeTarget;
			buildConfigurationList = 2877DA2722F46C150026AA4E /* Build configuration list for PBXNativeTarget "BillyRecipeApp" */;
			buildPhases = (
				2877D9FB22F46C140026AA4E /* Sources */,
				2877D9FC22F46C140026AA4E /* Frameworks */,
				2877D9FD22F46C140026AA4E /* Resources */,
				2877DA5922F477FC0026AA4E /* Embed Frameworks */,
			);
			buildRules = (
			);
			dependencies = (
				2877DA5822F477FB0026AA4E /* PBXTargetDependency */,
			);
			name = BillyRecipeApp;
			productName = BillyRecipeApp;
			productReference = 2877D9FF22F46C140026AA4E /* BillyRecipeApp.app */;
			productType = "com.apple.product-type.application";
		};
		2877DA1222F46C150026AA4E /* BillyRecipeAppTests */ = {
			isa = PBXNativeTarget;
			buildConfigurationList = 2877DA2A22F46C150026AA4E /* Build configuration list for PBXNativeTarget "BillyRecipeAppTests" */;
			buildPhases = (
				2877DA0F22F46C150026AA4E /* Sources */,
				2877DA1022F46C150026AA4E /* Frameworks */,
				2877DA1122F46C150026AA4E /* Resources */,
			);
			buildRules = (
			);
			dependencies = (
				2877DA1522F46C150026AA4E /* PBXTargetDependency */,
			);
			name = BillyRecipeAppTests;
			productName = BillyRecipeAppTests;
			productReference = 2877DA1322F46C150026AA4E /* BillyRecipeAppTests.xctest */;
			productType = "com.apple.product-type.bundle.unit-test";
		};
		2877DA1D22F46C150026AA4E /* BillyRecipeAppUITests */ = {
			isa = PBXNativeTarget;
			buildConfigurationList = 2877DA2D22F46C150026AA4E /* Build configuration list for PBXNativeTarget "BillyRecipeAppUITests" */;
			buildPhases = (
				2877DA1A22F46C150026AA4E /* Sources */,
				2877DA1B22F46C150026AA4E /* Frameworks */,
				2877DA1C22F46C150026AA4E /* Resources */,
			);
			buildRules = (
			);
			dependencies = (
				2877DA2022F46C150026AA4E /* PBXTargetDependency */,
			);
			name = BillyRecipeAppUITests;
			productName = BillyRecipeAppUITests;
			productReference = 2877DA1E22F46C150026AA4E /* BillyRecipeAppUITests.xctest */;
			productType = "com.apple.product-type.bundle.ui-testing";
		};
/* End PBXNativeTarget section */

/* Begin PBXProject section */
		2877D9F722F46C140026AA4E /* Project object */ = {
			isa = PBXProject;
			attributes = {
				LastSwiftUpdateCheck = 1030;
				LastUpgradeCheck = 1030;
				ORGANIZATIONNAME = BillyGDev;
				TargetAttributes = {
					2877D9FE22F46C140026AA4E = {
						CreatedOnToolsVersion = 10.3;
					};
					2877DA1222F46C150026AA4E = {
						CreatedOnToolsVersion = 10.3;
						TestTargetID = 2877D9FE22F46C140026AA4E;
					};
					2877DA1D22F46C150026AA4E = {
						CreatedOnToolsVersion = 10.3;
						TestTargetID = 2877D9FE22F46C140026AA4E;
					};
				};
			};
			buildConfigurationList = 2877D9FA22F46C140026AA4E /* Build configuration list for PBXProject "BillyRecipeApp" */;
			compatibilityVersion = "Xcode 9.3";
			developmentRegion = en;
			hasScannedForEncodings = 0;
			knownRegions = (
				en,
				Base,
			);
			mainGroup = 2877D9F622F46C140026AA4E;
			productRefGroup = 2877DA0022F46C140026AA4E /* Products */;
			projectDirPath = "";
			projectReferences = (
				{
					ProductGroup = 2877DA3B22F477A70026AA4E /* Products */;
					ProjectRef = 2877DA3A22F477A70026AA4E /* SQLite.xcodeproj */;
				},
			);
			projectRoot = "";
			targets = (
				2877D9FE22F46C140026AA4E /* BillyRecipeApp */,
				2877DA1222F46C150026AA4E /* BillyRecipeAppTests */,
				2877DA1D22F46C150026AA4E /* BillyRecipeAppUITests */,
			);
		};
/* End PBXProject section */

/* Begin PBXReferenceProxy section */
		2877DA4522F477A70026AA4E /* SQLite.framework */ = {
			isa = PBXReferenceProxy;
			fileType = wrapper.framework;
			path = SQLite.framework;
			remoteRef = 2877DA4422F477A70026AA4E /* PBXContainerItemProxy */;
			sourceTree = BUILT_PRODUCTS_DIR;
		};
		2877DA4722F477A70026AA4E /* SQLiteTests iOS.xctest */ = {
			isa = PBXReferenceProxy;
			fileType = wrapper.cfbundle;
			path = "SQLiteTests iOS.xctest";
			remoteRef = 2877DA4622F477A70026AA4E /* PBXContainerItemProxy */;
			sourceTree = BUILT_PRODUCTS_DIR;
		};
		2877DA4922F477A70026AA4E /* SQLite.framework */ = {
			isa = PBXReferenceProxy;
			fileType = wrapper.framework;
			path = SQLite.framework;
			remoteRef = 2877DA4822F477A70026AA4E /* PBXContainerItemProxy */;
			sourceTree = BUILT_PRODUCTS_DIR;
		};
		2877DA4B22F477A70026AA4E /* SQLiteTests Mac.xctest */ = {
			isa = PBXReferenceProxy;
			fileType = wrapper.cfbundle;
			path = "SQLiteTests Mac.xctest";
			remoteRef = 2877DA4A22F477A70026AA4E /* PBXContainerItemProxy */;
			sourceTree = BUILT_PRODUCTS_DIR;
		};
		2877DA4D22F477A70026AA4E /* SQLite.framework */ = {
			isa = PBXReferenceProxy;
			fileType = wrapper.framework;
			path = SQLite.framework;
			remoteRef = 2877DA4C22F477A70026AA4E /* PBXContainerItemProxy */;
			sourceTree = BUILT_PRODUCTS_DIR;
		};
		2877DA4F22F477A70026AA4E /* SQLiteTests tvOS.xctest */ = {
			isa = PBXReferenceProxy;
			fileType = wrapper.cfbundle;
			path = "SQLiteTests tvOS.xctest";
			remoteRef = 2877DA4E22F477A70026AA4E /* PBXContainerItemProxy */;
			sourceTree = BUILT_PRODUCTS_DIR;
		};
		2877DA5122F477A70026AA4E /* SQLite.framework */ = {
			isa = PBXReferenceProxy;
			fileType = wrapper.framework;
			path = SQLite.framework;
			remoteRef = 2877DA5022F477A70026AA4E /* PBXContainerItemProxy */;
			sourceTree = BUILT_PRODUCTS_DIR;
		};
/* End PBXReferenceProxy section */

/* Begin PBXResourcesBuildPhase section */
		2877D9FD22F46C140026AA4E /* Resources */ = {
			isa = PBXResourcesBuildPhase;
			buildActionMask = 2147483647;
			files = (
				28E13D5222F5644C00A4172E /* quesaddila.jpg in Resources */,
				2877DA0D22F46C140026AA4E /* LaunchScreen.storyboard in Resources */,
				2877DA0A22F46C140026AA4E /* Assets.xcassets in Resources */,
				2877DA5F22F4AA7B0026AA4E /* filter.png in Resources */,
				28E13D5722F5644C00A4172E /* sushi.jpg in Resources */,
				2877DA6722F4BBD90026AA4E /* ok.png in Resources */,
				28E13D5B22F5644C00A4172E /* burrito.jpg in Resources */,
				28E13D5622F5644C00A4172E /* carbonara.jpg in Resources */,
				2877DA6122F4AA7F0026AA4E /* add.png in Resources */,
				28E13D5422F5644C00A4172E /* kimchi.jpg in Resources */,
				28E13D5522F5644C00A4172E /* soba.jpg in Resources */,
				28E13D5122F5644C00A4172E /* pizza.jpg in Resources */,
				28E13D5322F5644C00A4172E /* friedchicken.jpg in Resources */,
				2877DA6522F4B57B0026AA4E /* image.png in Resources */,
				28E13D6022F578D800A4172E /* edit.png in Resources */,
				2877DA0822F46C140026AA4E /* Main.storyboard in Resources */,
				28E13D5922F5644C00A4172E /* udon.jpg in Resources */,
				28E13D5A22F5644C00A4172E /* aglioolio.jpg in Resources */,
				28E13D5C22F5644C00A4172E /* bibimbap.jpg in Resources */,
				28E13D5822F5644C00A4172E /* taco.jpg in Resources */,
				2877DA3522F470CD0026AA4E /* recipetypes.xml in Resources */,
			);
			runOnlyForDeploymentPostprocessing = 0;
		};
		2877DA1122F46C150026AA4E /* Resources */ = {
			isa = PBXResourcesBuildPhase;
			buildActionMask = 2147483647;
			files = (
			);
			runOnlyForDeploymentPostprocessing = 0;
		};
		2877DA1C22F46C150026AA4E /* Resources */ = {
			isa = PBXResourcesBuildPhase;
			buildActionMask = 2147483647;
			files = (
			);
			runOnlyForDeploymentPostprocessing = 0;
		};
/* End PBXResourcesBuildPhase section */

/* Begin PBXSourcesBuildPhase section */
		2877D9FB22F46C140026AA4E /* Sources */ = {
			isa = PBXSourcesBuildPhase;
			buildActionMask = 2147483647;
			files = (
				2877DA5D22F49C560026AA4E /* RecipeCollectionViewCell.swift in Sources */,
				2877DA5B22F478C60026AA4E /* LocalDB.swift in Sources */,
				2877DA6322F4AF8D0026AA4E /* AddUpdateRecipeViewController.swift in Sources */,
				28E13D5E22F5713B00A4172E /* RecipeDetailsViewController.swift in Sources */,
				2877DA0522F46C140026AA4E /* ViewController.swift in Sources */,
				2877DA0322F46C140026AA4E /* AppDelegate.swift in Sources */,
				2877DA3722F471510026AA4E /* Recipe.swift in Sources */,
				2877DA3922F4738C0026AA4E /* HomeViewController.swift in Sources */,
			);
			runOnlyForDeploymentPostprocessing = 0;
		};
		2877DA0F22F46C150026AA4E /* Sources */ = {
			isa = PBXSourcesBuildPhase;
			buildActionMask = 2147483647;
			files = (
				2877DA1822F46C150026AA4E /* BillyRecipeAppTests.swift in Sources */,
			);
			runOnlyForDeploymentPostprocessing = 0;
		};
		2877DA1A22F46C150026AA4E /* Sources */ = {
			isa = PBXSourcesBuildPhase;
			buildActionMask = 2147483647;
			files = (
				2877DA2322F46C150026AA4E /* BillyRecipeAppUITests.swift in Sources */,
			);
			runOnlyForDeploymentPostprocessing = 0;
		};
/* End PBXSourcesBuildPhase section */

/* Begin PBXTargetDependency section */
		2877DA1522F46C150026AA4E /* PBXTargetDependency */ = {
			isa = PBXTargetDependency;
			target = 2877D9FE22F46C140026AA4E /* BillyRecipeApp */;
			targetProxy = 2877DA1422F46C150026AA4E /* PBXContainerItemProxy */;
		};
		2877DA2022F46C150026AA4E /* PBXTargetDependency */ = {
			isa = PBXTargetDependency;
			target = 2877D9FE22F46C140026AA4E /* BillyRecipeApp */;
			targetProxy = 2877DA1F22F46C150026AA4E /* PBXContainerItemProxy */;
		};
		2877DA5822F477FB0026AA4E /* PBXTargetDependency */ = {
			isa = PBXTargetDependency;
			name = "SQLite iOS";
			targetProxy = 2877DA5722F477FB0026AA4E /* PBXContainerItemProxy */;
		};
/* End PBXTargetDependency section */

/* Begin PBXVariantGroup section */
		2877DA0622F46C140026AA4E /* Main.storyboard */ = {
			isa = PBXVariantGroup;
			children = (
				2877DA0722F46C140026AA4E /* Base */,
			);
			name = Main.storyboard;
			sourceTree = "<group>";
		};
		2877DA0B22F46C140026AA4E /* LaunchScreen.storyboard */ = {
			isa = PBXVariantGroup;
			children = (
				2877DA0C22F46C140026AA4E /* Base */,
			);
			name = LaunchScreen.storyboard;
			sourceTree = "<group>";
		};
/* End PBXVariantGroup section */

/* Begin XCBuildConfiguration section */
		2877DA2522F46C150026AA4E /* Debug */ = {
			isa = XCBuildConfiguration;
			buildSettings = {
				ALWAYS_SEARCH_USER_PATHS = NO;
				CLANG_ANALYZER_NONNULL = YES;
				CLANG_ANALYZER_NUMBER_OBJECT_CONVERSION = YES_AGGRESSIVE;
				CLANG_CXX_LANGUAGE_STANDARD = "gnu++14";
				CLANG_CXX_LIBRARY = "libc++";
				CLANG_ENABLE_MODULES = YES;
				CLANG_ENABLE_OBJC_ARC = YES;
				CLANG_ENABLE_OBJC_WEAK = YES;
				CLANG_WARN_BLOCK_CAPTURE_AUTORELEASING = YES;
				CLANG_WARN_BOOL_CONVERSION = YES;
				CLANG_WARN_COMMA = YES;
				CLANG_WARN_CONSTANT_CONVERSION = YES;
				CLANG_WARN_DEPRECATED_OBJC_IMPLEMENTATIONS = YES;
				CLANG_WARN_DIRECT_OBJC_ISA_USAGE = YES_ERROR;
				CLANG_WARN_DOCUMENTATION_COMMENTS = YES;
				CLANG_WARN_EMPTY_BODY = YES;
				CLANG_WARN_ENUM_CONVERSION = YES;
				CLANG_WARN_INFINITE_RECURSION = YES;
				CLANG_WARN_INT_CONVERSION = YES;
				CLANG_WARN_NON_LITERAL_NULL_CONVERSION = YES;
				CLANG_WARN_OBJC_IMPLICIT_RETAIN_SELF = YES;
				CLANG_WARN_OBJC_LITERAL_CONVERSION = YES;
				CLANG_WARN_OBJC_ROOT_CLASS = YES_ERROR;
				CLANG_WARN_RANGE_LOOP_ANALYSIS = YES;
				CLANG_WARN_STRICT_PROTOTYPES = YES;
				CLANG_WARN_SUSPICIOUS_MOVE = YES;
				CLANG_WARN_UNGUARDED_AVAILABILITY = YES_AGGRESSIVE;
				CLANG_WARN_UNREACHABLE_CODE = YES;
				CLANG_WARN__DUPLICATE_METHOD_MATCH = YES;
				CODE_SIGN_IDENTITY = "iPhone Developer";
				COPY_PHASE_STRIP = NO;
				DEBUG_INFORMATION_FORMAT = dwarf;
				ENABLE_STRICT_OBJC_MSGSEND = YES;
				ENABLE_TESTABILITY = YES;
				GCC_C_LANGUAGE_STANDARD = gnu11;
				GCC_DYNAMIC_NO_PIC = NO;
				GCC_NO_COMMON_BLOCKS = YES;
				GCC_OPTIMIZATION_LEVEL = 0;
				GCC_PREPROCESSOR_DEFINITIONS = (
					"DEBUG=1",
					"$(inherited)",
				);
				GCC_WARN_64_TO_32_BIT_CONVERSION = YES;
				GCC_WARN_ABOUT_RETURN_TYPE = YES_ERROR;
				GCC_WARN_UNDECLARED_SELECTOR = YES;
				GCC_WARN_UNINITIALIZED_AUTOS = YES_AGGRESSIVE;
				GCC_WARN_UNUSED_FUNCTION = YES;
				GCC_WARN_UNUSED_VARIABLE = YES;
				IPHONEOS_DEPLOYMENT_TARGET = 12.4;
				MTL_ENABLE_DEBUG_INFO = INCLUDE_SOURCE;
				MTL_FAST_MATH = YES;
				ONLY_ACTIVE_ARCH = YES;
				SDKROOT = iphoneos;
				SWIFT_ACTIVE_COMPILATION_CONDITIONS = DEBUG;
				SWIFT_OPTIMIZATION_LEVEL = "-Onone";
			};
			name = Debug;
		};
		2877DA2622F46C150026AA4E /* Release */ = {
			isa = XCBuildConfiguration;
			buildSettings = {
				ALWAYS_SEARCH_USER_PATHS = NO;
				CLANG_ANALYZER_NONNULL = YES;
				CLANG_ANALYZER_NUMBER_OBJECT_CONVERSION = YES_AGGRESSIVE;
				CLANG_CXX_LANGUAGE_STANDARD = "gnu++14";
				CLANG_CXX_LIBRARY = "libc++";
				CLANG_ENABLE_MODULES = YES;
				CLANG_ENABLE_OBJC_ARC = YES;
				CLANG_ENABLE_OBJC_WEAK = YES;
				CLANG_WARN_BLOCK_CAPTURE_AUTORELEASING = YES;
				CLANG_WARN_BOOL_CONVERSION = YES;
				CLANG_WARN_COMMA = YES;
				CLANG_WARN_CONSTANT_CONVERSION = YES;
				CLANG_WARN_DEPRECATED_OBJC_IMPLEMENTATIONS = YES;
				CLANG_WARN_DIRECT_OBJC_ISA_USAGE = YES_ERROR;
				CLANG_WARN_DOCUMENTATION_COMMENTS = YES;
				CLANG_WARN_EMPTY_BODY = YES;
				CLANG_WARN_ENUM_CONVERSION = YES;
				CLANG_WARN_INFINITE_RECURSION = YES;
				CLANG_WARN_INT_CONVERSION = YES;
				CLANG_WARN_NON_LITERAL_NULL_CONVERSION = YES;
				CLANG_WARN_OBJC_IMPLICIT_RETAIN_SELF = YES;
				CLANG_WARN_OBJC_LITERAL_CONVERSION = YES;
				CLANG_WARN_OBJC_ROOT_CLASS = YES_ERROR;
				CLANG_WARN_RANGE_LOOP_ANALYSIS = YES;
				CLANG_WARN_STRICT_PROTOTYPES = YES;
				CLANG_WARN_SUSPICIOUS_MOVE = YES;
				CLANG_WARN_UNGUARDED_AVAILABILITY = YES_AGGRESSIVE;
				CLANG_WARN_UNREACHABLE_CODE = YES;
				CLANG_WARN__DUPLICATE_METHOD_MATCH = YES;
				CODE_SIGN_IDENTITY = "iPhone Developer";
				COPY_PHASE_STRIP = NO;
				DEBUG_INFORMATION_FORMAT = "dwarf-with-dsym";
				ENABLE_NS_ASSERTIONS = NO;
				ENABLE_STRICT_OBJC_MSGSEND = YES;
				GCC_C_LANGUAGE_STANDARD = gnu11;
				GCC_NO_COMMON_BLOCKS = YES;
				GCC_WARN_64_TO_32_BIT_CONVERSION = YES;
				GCC_WARN_ABOUT_RETURN_TYPE = YES_ERROR;
				GCC_WARN_UNDECLARED_SELECTOR = YES;
				GCC_WARN_UNINITIALIZED_AUTOS = YES_AGGRESSIVE;
				GCC_WARN_UNUSED_FUNCTION = YES;
				GCC_WARN_UNUSED_VARIABLE = YES;
				IPHONEOS_DEPLOYMENT_TARGET = 12.4;
				MTL_ENABLE_DEBUG_INFO = NO;
				MTL_FAST_MATH = YES;
				SDKROOT = iphoneos;
				SWIFT_COMPILATION_MODE = wholemodule;
				SWIFT_OPTIMIZATION_LEVEL = "-O";
				VALIDATE_PRODUCT = YES;
			};
			name = Release;
		};
		2877DA2822F46C150026AA4E /* Debug */ = {
			isa = XCBuildConfiguration;
			buildSettings = {
				ALWAYS_EMBED_SWIFT_STANDARD_LIBRARIES = YES;
				ASSETCATALOG_COMPILER_APPICON_NAME = AppIcon;
				CODE_SIGN_STYLE = Automatic;
				DEVELOPMENT_TEAM = A6QL3YZ3ZT;
				INFOPLIST_FILE = BillyRecipeApp/Info.plist;
				IPHONEOS_DEPLOYMENT_TARGET = 9.0;
				LD_RUNPATH_SEARCH_PATHS = (
					"$(inherited)",
					"@executable_path/Frameworks",
				);
				PRODUCT_BUNDLE_IDENTIFIER = com.billygdev.BillyRecipeApp;
				PRODUCT_NAME = "$(TARGET_NAME)";
				SWIFT_VERSION = 5.0;
				TARGETED_DEVICE_FAMILY = "1,2";
			};
			name = Debug;
		};
		2877DA2922F46C150026AA4E /* Release */ = {
			isa = XCBuildConfiguration;
			buildSettings = {
				ALWAYS_EMBED_SWIFT_STANDARD_LIBRARIES = YES;
				ASSETCATALOG_COMPILER_APPICON_NAME = AppIcon;
				CODE_SIGN_STYLE = Automatic;
				DEVELOPMENT_TEAM = A6QL3YZ3ZT;
				INFOPLIST_FILE = BillyRecipeApp/Info.plist;
				IPHONEOS_DEPLOYMENT_TARGET = 9.0;
				LD_RUNPATH_SEARCH_PATHS = (
					"$(inherited)",
					"@executable_path/Frameworks",
				);
				PRODUCT_BUNDLE_IDENTIFIER = com.billygdev.BillyRecipeApp;
				PRODUCT_NAME = "$(TARGET_NAME)";
				SWIFT_VERSION = 5.0;
				TARGETED_DEVICE_FAMILY = "1,2";
			};
			name = Release;
		};
		2877DA2B22F46C150026AA4E /* Debug */ = {
			isa = XCBuildConfiguration;
			buildSettings = {
				ALWAYS_EMBED_SWIFT_STANDARD_LIBRARIES = YES;
				BUNDLE_LOADER = "$(TEST_HOST)";
				CODE_SIGN_STYLE = Automatic;
				DEVELOPMENT_TEAM = A6QL3YZ3ZT;
				INFOPLIST_FILE = BillyRecipeAppTests/Info.plist;
				LD_RUNPATH_SEARCH_PATHS = (
					"$(inherited)",
					"@executable_path/Frameworks",
					"@loader_path/Frameworks",
				);
				PRODUCT_BUNDLE_IDENTIFIER = com.billygdev.BillyRecipeAppTests;
				PRODUCT_NAME = "$(TARGET_NAME)";
				SWIFT_VERSION = 5.0;
				TARGETED_DEVICE_FAMILY = "1,2";
				TEST_HOST = "$(BUILT_PRODUCTS_DIR)/BillyRecipeApp.app/BillyRecipeApp";
			};
			name = Debug;
		};
		2877DA2C22F46C150026AA4E /* Release */ = {
			isa = XCBuildConfiguration;
			buildSettings = {
				ALWAYS_EMBED_SWIFT_STANDARD_LIBRARIES = YES;
				BUNDLE_LOADER = "$(TEST_HOST)";
				CODE_SIGN_STYLE = Automatic;
				DEVELOPMENT_TEAM = A6QL3YZ3ZT;
				INFOPLIST_FILE = BillyRecipeAppTests/Info.plist;
				LD_RUNPATH_SEARCH_PATHS = (
					"$(inherited)",
					"@executable_path/Frameworks",
					"@loader_path/Frameworks",
				);
				PRODUCT_BUNDLE_IDENTIFIER = com.billygdev.BillyRecipeAppTests;
				PRODUCT_NAME = "$(TARGET_NAME)";
				SWIFT_VERSION = 5.0;
				TARGETED_DEVICE_FAMILY = "1,2";
				TEST_HOST = "$(BUILT_PRODUCTS_DIR)/BillyRecipeApp.app/BillyRecipeApp";
			};
			name = Release;
		};
		2877DA2E22F46C150026AA4E /* Debug */ = {
			isa = XCBuildConfiguration;
			buildSettings = {
				ALWAYS_EMBED_SWIFT_STANDARD_LIBRARIES = YES;
				CODE_SIGN_STYLE = Automatic;
				DEVELOPMENT_TEAM = A6QL3YZ3ZT;
				INFOPLIST_FILE = BillyRecipeAppUITests/Info.plist;
				LD_RUNPATH_SEARCH_PATHS = (
					"$(inherited)",
					"@executable_path/Frameworks",
					"@loader_path/Frameworks",
				);
				PRODUCT_BUNDLE_IDENTIFIER = com.billygdev.BillyRecipeAppUITests;
				PRODUCT_NAME = "$(TARGET_NAME)";
				SWIFT_VERSION = 5.0;
				TARGETED_DEVICE_FAMILY = "1,2";
				TEST_TARGET_NAME = BillyRecipeApp;
			};
			name = Debug;
		};
		2877DA2F22F46C150026AA4E /* Release */ = {
			isa = XCBuildConfiguration;
			buildSettings = {
				ALWAYS_EMBED_SWIFT_STANDARD_LIBRARIES = YES;
				CODE_SIGN_STYLE = Automatic;
				DEVELOPMENT_TEAM = A6QL3YZ3ZT;
				INFOPLIST_FILE = BillyRecipeAppUITests/Info.plist;
				LD_RUNPATH_SEARCH_PATHS = (
					"$(inherited)",
					"@executable_path/Frameworks",
					"@loader_path/Frameworks",
				);
				PRODUCT_BUNDLE_IDENTIFIER = com.billygdev.BillyRecipeAppUITests;
				PRODUCT_NAME = "$(TARGET_NAME)";
				SWIFT_VERSION = 5.0;
				TARGETED_DEVICE_FAMILY = "1,2";
				TEST_TARGET_NAME = BillyRecipeApp;
			};
			name = Release;
		};
/* End XCBuildConfiguration section */

/* Begin XCConfigurationList section */
		2877D9FA22F46C140026AA4E /* Build configuration list for PBXProject "BillyRecipeApp" */ = {
			isa = XCConfigurationList;
			buildConfigurations = (
				2877DA2522F46C150026AA4E /* Debug */,
				2877DA2622F46C150026AA4E /* Release */,
			);
			defaultConfigurationIsVisible = 0;
			defaultConfigurationName = Release;
		};
		2877DA2722F46C150026AA4E /* Build configuration list for PBXNativeTarget "BillyRecipeApp" */ = {
			isa = XCConfigurationList;
			buildConfigurations = (
				2877DA2822F46C150026AA4E /* Debug */,
				2877DA2922F46C150026AA4E /* Release */,
			);
			defaultConfigurationIsVisible = 0;
			defaultConfigurationName = Release;
		};
		2877DA2A22F46C150026AA4E /* Build configuration list for PBXNativeTarget "BillyRecipeAppTests" */ = {
			isa = XCConfigurationList;
			buildConfigurations = (
				2877DA2B22F46C150026AA4E /* Debug */,
				2877DA2C22F46C150026AA4E /* Release */,
			);
			defaultConfigurationIsVisible = 0;
			defaultConfigurationName = Release;
		};
		2877DA2D22F46C150026AA4E /* Build configuration list for PBXNativeTarget "BillyRecipeAppUITests" */ = {
			isa = XCConfigurationList;
			buildConfigurations = (
				2877DA2E22F46C150026AA4E /* Debug */,
				2877DA2F22F46C150026AA4E /* Release */,
			);
			defaultConfigurationIsVisible = 0;
			defaultConfigurationName = Release;
		};
/* End XCConfigurationList section */
	};
	rootObject = 2877D9F722F46C140026AA4E /* Project object */;
}
